
Microsoft Visual Studio Solution File, Format Version 12.00
# Visual Studio Version 16
VisualStudioVersion = 16.0.31624.102
MinimumVisualStudioVersion = 10.0.40219.1
Project("{FAE04EC0-301F-11D3-BF4B-00C04F79EFBC}") = "CosmosDBCRUD-MVC", "CosmosDBCRUD-MVC\CosmosDBCRUD-MVC.csproj", "{B6284E95-2FA8-434E-A3FF-BE697EF9267F}"
EndProject
Global
	GlobalSection(SolutionConfigurationPlatforms) = preSolution
		Debug|Any CPU = Debug|Any CPU
		Release|Any CPU = Release|Any CPU
	EndGlobalSection
	GlobalSection(ProjectConfigurationPlatforms) = postSolution
		{B6284E95-2FA8-434E-A3FF-BE697EF9267F}.Debug|Any CPU.ActiveCfg = Debug|Any CPU
		{B6284E95-2FA8-434E-A3FF-BE697EF9267F}.Debug|Any CPU.Build.0 = Debug|Any CPU
		{B6284E95-2FA8-434E-A3FF-BE697EF9267F}.Release|Any CPU.ActiveCfg = Release|Any CPU
		{B6284E95-2FA8-434E-A3FF-BE697EF9267F}.Release|Any CPU.Build.0 = Release|Any CPU
	EndGlobalSection
	GlobalSection(SolutionProperties) = preSolution
		HideSolutionNode = FALSE
	EndGlobalSection
	GlobalSection(ExtensibilityGlobals) = postSolution
		SolutionGuid = {E1622FE6-A45E-4FA9-A6DD-E5542040F1C5}
	EndGlobalSection
EndGlobal
